
Microsoft Visual Studio Solution File, Format Version 12.00
# Visual Studio 15
VisualStudioVersion = 15.0.28307.572
MinimumVisualStudioVersion = 10.0.40219.1
Project("{FAE04EC0-301F-11D3-BF4B-00C04F79EFBC}") = "HypeTeam-ProjectTele", "HypeTeam-ProjectTele\HypeTeam-ProjectTele.csproj", "{17474B7E-6087-48BC-B31C-7DB628488A3B}"
EndProject
Global
	GlobalSection(SolutionConfigurationPlatforms) = preSolution
		Debug|Any CPU = Debug|Any CPU
		Release|Any CPU = Release|Any CPU
	EndGlobalSection
	GlobalSection(ProjectConfigurationPlatforms) = postSolution
		{17474B7E-6087-48BC-B31C-7DB628488A3B}.Debug|Any CPU.ActiveCfg = Debug|Any CPU
		{17474B7E-6087-48BC-B31C-7DB628488A3B}.Debug|Any CPU.Build.0 = Debug|Any CPU
		{17474B7E-6087-48BC-B31C-7DB628488A3B}.Release|Any CPU.ActiveCfg = Release|Any CPU
		{17474B7E-6087-48BC-B31C-7DB628488A3B}.Release|Any CPU.Build.0 = Release|Any CPU
	EndGlobalSection
	GlobalSection(SolutionProperties) = preSolution
		HideSolutionNode = FALSE
	EndGlobalSection
	GlobalSection(ExtensibilityGlobals) = postSolution
		SolutionGuid = {6EC9F988-DDC4-41F5-B0ED-71BCD3C55B0B}
	EndGlobalSection
EndGlobal
